
Microsoft Visual Studio Solution File, Format Version 12.00
# Visual Studio Version 16
VisualStudioVersion = 16.0.29519.181
MinimumVisualStudioVersion = 10.0.40219.1
Project("{8BC9CEB8-8B4A-11D0-8D11-00A0C91BC942}") = "Display4digits", "Display4digits\Display4digits.vcxproj", "{C5F80730-F44F-4478-BDAE-6634EFC2CA88}"
EndProject
Project("{2150E333-8FDC-42A3-9474-1A3956D46DE8}") = "Solution Items", "Solution Items", "{4A41DE8A-AE43-4BBE-88EF-4D4049E97F60}"
	ProjectSection(SolutionItems) = preProject
		LICENSE.txt = LICENSE.txt
		README.md = README.md
	EndProjectSection
EndProject
Project("{2150E333-8FDC-42A3-9474-1A3956D46DE8}") = "Schematics", "Schematics", "{DBFB2C4D-E1F2-4D81-87E2-0A8CAB09BEC8}"
	ProjectSection(SolutionItems) = preProject
		Schematics\BaseDisplay.fzz = Schematics\BaseDisplay.fzz
		Schematics\BaseDisplay_bb.jpg = Schematics\BaseDisplay_bb.jpg
	EndProjectSection
EndProject
Project("{2150E333-8FDC-42A3-9474-1A3956D46DE8}") = "Doxygen", "Doxygen", "{7DF24AF6-53CC-4901-93C3-53A3DF30E763}"
	ProjectSection(SolutionItems) = preProject
		Doxygen\Doxyfile = Doxygen\Doxyfile
		Doxygen\footer.html = Doxygen\footer.html
		Doxygen\header.html = Doxygen\header.html
		Doxygen\tsf.css = Doxygen\tsf.css
	EndProjectSection
EndProject
Global
	GlobalSection(SolutionConfigurationPlatforms) = preSolution
		Debug|x86 = Debug|x86
		Release|x86 = Release|x86
	EndGlobalSection
	GlobalSection(ProjectConfigurationPlatforms) = postSolution
		{C5F80730-F44F-4478-BDAE-6634EFC2CA88}.Debug|x86.ActiveCfg = Debug|Win32
		{C5F80730-F44F-4478-BDAE-6634EFC2CA88}.Debug|x86.Build.0 = Debug|Win32
		{C5F80730-F44F-4478-BDAE-6634EFC2CA88}.Release|x86.ActiveCfg = Release|Win32
		{C5F80730-F44F-4478-BDAE-6634EFC2CA88}.Release|x86.Build.0 = Release|Win32
	EndGlobalSection
	GlobalSection(SolutionProperties) = preSolution
		HideSolutionNode = FALSE
	EndGlobalSection
	GlobalSection(ExtensibilityGlobals) = postSolution
		SolutionGuid = {19EE6EC1-C76E-407E-A604-767F48275BEC}
	EndGlobalSection
EndGlobal
